// !$*UTF8*$!
{
	archiveVersion = 1;
	classes = {
	};
	objectVersion = 46;
	objects = {

/* Begin PBXBuildFile section */
		E0319CC819FFBA8F0066C6FF /* AppDelegate.swift in Sources */ = {isa = PBXBuildFile; fileRef = E0319CC719FFBA8F0066C6FF /* AppDelegate.swift */; };
		E0319CCA19FFBA8F0066C6FF /* ViewController.swift in Sources */ = {isa = PBXBuildFile; fileRef = E0319CC919FFBA8F0066C6FF /* ViewController.swift */; };
		E0319CCD19FFBA8F0066C6FF /* Main.storyboard in Resources */ = {isa = PBXBuildFile; fileRef = E0319CCB19FFBA8F0066C6FF /* Main.storyboard */; };
		E0319CCF19FFBA8F0066C6FF /* Images.xcassets in Resources */ = {isa = PBXBuildFile; fileRef = E0319CCE19FFBA8F0066C6FF /* Images.xcassets */; };
		E0319CD219FFBA8F0066C6FF /* LaunchScreen.xib in Resources */ = {isa = PBXBuildFile; fileRef = E0319CD019FFBA8F0066C6FF /* LaunchScreen.xib */; };
		E0319CDE19FFBA8F0066C6FF /* PostcardTests.swift in Sources */ = {isa = PBXBuildFile; fileRef = E0319CDD19FFBA8F0066C6FF /* PostcardTests.swift */; };
		E0319CE819FFC9070066C6FF /* Cheif Mukuni.jpg in Resources */ = {isa = PBXBuildFile; fileRef = E0319CE719FFC9070066C6FF /* Cheif Mukuni.jpg */; };
		E0319CEA19FFC9230066C6FF /* Elephant Riding at Mukuni Big Five, Livingstone. Zambia.jpg in Resources */ = {isa = PBXBuildFile; fileRef = E0319CE919FFC9230066C6FF /* Elephant Riding at Mukuni Big Five, Livingstone. Zambia.jpg */; };
/* End PBXBuildFile section */

/* Begin PBXContainerItemProxy section */
		E0319CD819FFBA8F0066C6FF /* PBXContainerItemProxy */ = {
			isa = PBXContainerItemProxy;
			containerPortal = E0319CBA19FFBA8F0066C6FF /* Project object */;
			proxyType = 1;
			remoteGlobalIDString = E0319CC119FFBA8F0066C6FF;
			remoteInfo = Postcard;
		};
/* End PBXContainerItemProxy section */

/* Begin PBXFileReference section */
		E0319CC219FFBA8F0066C6FF /* Postcard.app */ = {isa = PBXFileReference; explicitFileType = wrapper.application; includeInIndex = 0; path = Postcard.app; sourceTree = BUILT_PRODUCTS_DIR; };
		E0319CC619FFBA8F0066C6FF /* Info.plist */ = {isa = PBXFileReference; lastKnownFileType = text.plist.xml; path = Info.plist; sourceTree = "<group>"; };
		E0319CC719FFBA8F0066C6FF /* AppDelegate.swift */ = {isa = PBXFileReference; lastKnownFileType = sourcecode.swift; path = AppDelegate.swift; sourceTree = "<group>"; };
		E0319CC919FFBA8F0066C6FF /* ViewController.swift */ = {isa = PBXFileReference; lastKnownFileType = sourcecode.swift; path = ViewController.swift; sourceTree = "<group>"; };
		E0319CCC19FFBA8F0066C6FF /* Base */ = {isa = PBXFileReference; lastKnownFileType = file.storyboard; name = Base; path = Base.lproj/Main.storyboard; sourceTree = "<group>"; };
		E0319CCE19FFBA8F0066C6FF /* Images.xcassets */ = {isa = PBXFileReference; lastKnownFileType = folder.assetcatalog; path = Images.xcassets; sourceTree = "<group>"; };
		E0319CD119FFBA8F0066C6FF /* Base */ = {isa = PBXFileReference; lastKnownFileType = file.xib; name = Base; path = Base.lproj/LaunchScreen.xib; sourceTree = "<group>"; };
		E0319CD719FFBA8F0066C6FF /* PostcardTests.xctest */ = {isa = PBXFileReference; explicitFileType = wrapper.cfbundle; includeInIndex = 0; path = PostcardTests.xctest; sourceTree = BUILT_PRODUCTS_DIR; };
		E0319CDC19FFBA8F0066C6FF /* Info.plist */ = {isa = PBXFileReference; lastKnownFileType = text.plist.xml; path = Info.plist; sourceTree = "<group>"; };
		E0319CDD19FFBA8F0066C6FF /* PostcardTests.swift */ = {isa = PBXFileReference; lastKnownFileType = sourcecode.swift; path = PostcardTests.swift; sourceTree = "<group>"; };
		E0319CE719FFC9070066C6FF /* Cheif Mukuni.jpg */ = {isa = PBXFileReference; lastKnownFileType = image.jpeg; path = "Cheif Mukuni.jpg"; sourceTree = "<group>"; };
		E0319CE919FFC9230066C6FF /* Elephant Riding at Mukuni Big Five, Livingstone. Zambia.jpg */ = {isa = PBXFileReference; lastKnownFileType = image.jpeg; path = "Elephant Riding at Mukuni Big Five, Livingstone. Zambia.jpg"; sourceTree = "<group>"; };
/* End PBXFileReference section */

/* Begin PBXFrameworksBuildPhase section */
		E0319CBF19FFBA8F0066C6FF /* Frameworks */ = {
			isa = PBXFrameworksBuildPhase;
			buildActionMask = 2147483647;
			files = (
			);
			runOnlyForDeploymentPostprocessing = 0;
		};
		E0319CD419FFBA8F0066C6FF /* Frameworks */ = {
			isa = PBXFrameworksBuildPhase;
			buildActionMask = 2147483647;
			files = (
			);
			runOnlyForDeploymentPostprocessing = 0;
		};
/* End PBXFrameworksBuildPhase section */

/* Begin PBXGroup section */
		E0319CB919FFBA8F0066C6FF = {
			isa = PBXGroup;
			children = (
				E0319CC419FFBA8F0066C6FF /* Postcard */,
				E0319CDA19FFBA8F0066C6FF /* PostcardTests */,
				E0319CC319FFBA8F0066C6FF /* Products */,
			);
			sourceTree = "<group>";
		};
		E0319CC319FFBA8F0066C6FF /* Products */ = {
			isa = PBXGroup;
			children = (
				E0319CC219FFBA8F0066C6FF /* Postcard.app */,
				E0319CD719FFBA8F0066C6FF /* PostcardTests.xctest */,
			);
			name = Products;
			sourceTree = "<group>";
		};
		E0319CC419FFBA8F0066C6FF /* Postcard */ = {
			isa = PBXGroup;
			children = (
				E0319CC719FFBA8F0066C6FF /* AppDelegate.swift */,
				E0319CC919FFBA8F0066C6FF /* ViewController.swift */,
				E0319CCB19FFBA8F0066C6FF /* Main.storyboard */,
				E0319CCE19FFBA8F0066C6FF /* Images.xcassets */,
				E0319CD019FFBA8F0066C6FF /* LaunchScreen.xib */,
				E0319CC519FFBA8F0066C6FF /* Supporting Files */,
			);
			path = Postcard;
			sourceTree = "<group>";
		};
		E0319CC519FFBA8F0066C6FF /* Supporting Files */ = {
			isa = PBXGroup;
			children = (
				E0319CE919FFC9230066C6FF /* Elephant Riding at Mukuni Big Five, Livingstone. Zambia.jpg */,
				E0319CE719FFC9070066C6FF /* Cheif Mukuni.jpg */,
				E0319CC619FFBA8F0066C6FF /* Info.plist */,
			);
			name = "Supporting Files";
			sourceTree = "<group>";
		};
		E0319CDA19FFBA8F0066C6FF /* PostcardTests */ = {
			isa = PBXGroup;
			children = (
				E0319CDD19FFBA8F0066C6FF /* PostcardTests.swift */,
				E0319CDB19FFBA8F0066C6FF /* Supporting Files */,
			);
			path = PostcardTests;
			sourceTree = "<group>";
		};
		E0319CDB19FFBA8F0066C6FF /* Supporting Files */ = {
			isa = PBXGroup;
			children = (
				E0319CDC19FFBA8F0066C6FF /* Info.plist */,
			);
			name = "Supporting Files";
			sourceTree = "<group>";
		};
/* End PBXGroup section */

/* Begin PBXNativeTarget section */
		E0319CC119FFBA8F0066C6FF /* Postcard */ = {
			isa = PBXNativeTarget;
			buildConfigurationList = E0319CE119FFBA8F0066C6FF /* Build configuration list for PBXNativeTarget "Postcard" */;
			buildPhases = (
				E0319CBE19FFBA8F0066C6FF /* Sources */,
				E0319CBF19FFBA8F0066C6FF /* Frameworks */,
				E0319CC019FFBA8F0066C6FF /* Resources */,
			);
			buildRules = (
			);
			dependencies = (
			);
			name = Postcard;
			productName = Postcard;
			productReference = E0319CC219FFBA8F0066C6FF /* Postcard.app */;
			productType = "com.apple.product-type.application";
		};
		E0319CD619FFBA8F0066C6FF /* PostcardTests */ = {
			isa = PBXNativeTarget;
			buildConfigurationList = E0319CE419FFBA8F0066C6FF /* Build configuration list for PBXNativeTarget "PostcardTests" */;
			buildPhases = (
				E0319CD319FFBA8F0066C6FF /* Sources */,
				E0319CD419FFBA8F0066C6FF /* Frameworks */,
				E0319CD519FFBA8F0066C6FF /* Resources */,
			);
			buildRules = (
			);
			dependencies = (
				E0319CD919FFBA8F0066C6FF /* PBXTargetDependency */,
			);
			name = PostcardTests;
			productName = PostcardTests;
			productReference = E0319CD719FFBA8F0066C6FF /* PostcardTests.xctest */;
			productType = "com.apple.product-type.bundle.unit-test";
		};
/* End PBXNativeTarget section */

/* Begin PBXProject section */
		E0319CBA19FFBA8F0066C6FF /* Project object */ = {
			isa = PBXProject;
			attributes = {
				LastUpgradeCheck = 0610;
				ORGANIZATIONNAME = "Arthur Labisi Siloka";
				TargetAttributes = {
					E0319CC119FFBA8F0066C6FF = {
						CreatedOnToolsVersion = 6.1;
					};
					E0319CD619FFBA8F0066C6FF = {
						CreatedOnToolsVersion = 6.1;
						TestTargetID = E0319CC119FFBA8F0066C6FF;
					};
				};
			};
			buildConfigurationList = E0319CBD19FFBA8F0066C6FF /* Build configuration list for PBXProject "Postcard" */;
			compatibilityVersion = "Xcode 3.2";
			developmentRegion = English;
			hasScannedForEncodings = 0;
			knownRegions = (
				en,
				Base,
			);
			mainGroup = E0319CB919FFBA8F0066C6FF;
			productRefGroup = E0319CC319FFBA8F0066C6FF /* Products */;
			projectDirPath = "";
			projectRoot = "";
			targets = (
				E0319CC119FFBA8F0066C6FF /* Postcard */,
				E0319CD619FFBA8F0066C6FF /* PostcardTests */,
			);
		};
/* End PBXProject section */

/* Begin PBXResourcesBuildPhase section */
		E0319CC019FFBA8F0066C6FF /* Resources */ = {
			isa = PBXResourcesBuildPhase;
			buildActionMask = 2147483647;
			files = (
				E0319CCD19FFBA8F0066C6FF /* Main.storyboard in Resources */,
				E0319CD219FFBA8F0066C6FF /* LaunchScreen.xib in Resources */,
				E0319CCF19FFBA8F0066C6FF /* Images.xcassets in Resources */,
				E0319CE819FFC9070066C6FF /* Cheif Mukuni.jpg in Resources */,
				E0319CEA19FFC9230066C6FF /* Elephant Riding at Mukuni Big Five, Livingstone. Zambia.jpg in Resources */,
			);
			runOnlyForDeploymentPostprocessing = 0;
		};
		E0319CD519FFBA8F0066C6FF /* Resources */ = {
			isa = PBXResourcesBuildPhase;
			buildActionMask = 2147483647;
			files = (
			);
			runOnlyForDeploymentPostprocessing = 0;
		};
/* End PBXResourcesBuildPhase section */

/* Begin PBXSourcesBuildPhase section */
		E0319CBE19FFBA8F0066C6FF /* Sources */ = {
			isa = PBXSourcesBuildPhase;
			buildActionMask = 2147483647;
			files = (
				E0319CCA19FFBA8F0066C6FF /* ViewController.swift in Sources */,
				E0319CC819FFBA8F0066C6FF /* AppDelegate.swift in Sources */,
			);
			runOnlyForDeploymentPostprocessing = 0;
		};
		E0319CD319FFBA8F0066C6FF /* Sources */ = {
			isa = PBXSourcesBuildPhase;
			buildActionMask = 2147483647;
			files = (
				E0319CDE19FFBA8F0066C6FF /* PostcardTests.swift in Sources */,
			);
			runOnlyForDeploymentPostprocessing = 0;
		};
/* End PBXSourcesBuildPhase section */

/* Begin PBXTargetDependency section */
		E0319CD919FFBA8F0066C6FF /* PBXTargetDependency */ = {
			isa = PBXTargetDependency;
			target = E0319CC119FFBA8F0066C6FF /* Postcard */;
			targetProxy = E0319CD819FFBA8F0066C6FF /* PBXContainerItemProxy */;
		};
/* End PBXTargetDependency section */

/* Begin PBXVariantGroup section */
		E0319CCB19FFBA8F0066C6FF /* Main.storyboard */ = {
			isa = PBXVariantGroup;
			children = (
				E0319CCC19FFBA8F0066C6FF /* Base */,
			);
			name = Main.storyboard;
			sourceTree = "<group>";
		};
		E0319CD019FFBA8F0066C6FF /* LaunchScreen.xib */ = {
			isa = PBXVariantGroup;
			children = (
				E0319CD119FFBA8F0066C6FF /* Base */,
			);
			name = LaunchScreen.xib;
			sourceTree = "<group>";
		};
/* End PBXVariantGroup section */

/* Begin XCBuildConfiguration section */
		E0319CDF19FFBA8F0066C6FF /* Debug */ = {
			isa = XCBuildConfiguration;
			buildSettings = {
				ALWAYS_SEARCH_USER_PATHS = NO;
				CLANG_CXX_LANGUAGE_STANDARD = "gnu++0x";
				CLANG_CXX_LIBRARY = "libc++";
				CLANG_ENABLE_MODULES = YES;
				CLANG_ENABLE_OBJC_ARC = YES;
				CLANG_WARN_BOOL_CONVERSION = YES;
				CLANG_WARN_CONSTANT_CONVERSION = YES;
				CLANG_WARN_DIRECT_OBJC_ISA_USAGE = YES_ERROR;
				CLANG_WARN_EMPTY_BODY = YES;
				CLANG_WARN_ENUM_CONVERSION = YES;
				CLANG_WARN_INT_CONVERSION = YES;
				CLANG_WARN_OBJC_ROOT_CLASS = YES_ERROR;
				CLANG_WARN_UNREACHABLE_CODE = YES;
				CLANG_WARN__DUPLICATE_METHOD_MATCH = YES;
				"CODE_SIGN_IDENTITY[sdk=iphoneos*]" = "iPhone Developer";
				COPY_PHASE_STRIP = NO;
				ENABLE_STRICT_OBJC_MSGSEND = YES;
				GCC_C_LANGUAGE_STANDARD = gnu99;
				GCC_DYNAMIC_NO_PIC = NO;
				GCC_OPTIMIZATION_LEVEL = 0;
				GCC_PREPROCESSOR_DEFINITIONS = (
					"DEBUG=1",
					"$(inherited)",
				);
				GCC_SYMBOLS_PRIVATE_EXTERN = NO;
				GCC_WARN_64_TO_32_BIT_CONVERSION = YES;
				GCC_WARN_ABOUT_RETURN_TYPE = YES_ERROR;
				GCC_WARN_UNDECLARED_SELECTOR = YES;
				GCC_WARN_UNINITIALIZED_AUTOS = YES_AGGRESSIVE;
				GCC_WARN_UNUSED_FUNCTION = YES;
				GCC_WARN_UNUSED_VARIABLE = YES;
				IPHONEOS_DEPLOYMENT_TARGET = 8.1;
				MTL_ENABLE_DEBUG_INFO = YES;
				ONLY_ACTIVE_ARCH = YES;
				SDKROOT = iphoneos;
				SWIFT_OPTIMIZATION_LEVEL = "-Onone";
				TARGETED_DEVICE_FAMILY = "1,2";
			};
			name = Debug;
		};
		E0319CE019FFBA8F0066C6FF /* Release */ = {
			isa = XCBuildConfiguration;
			buildSettings = {
				ALWAYS_SEARCH_USER_PATHS = NO;
				CLANG_CXX_LANGUAGE_STANDARD = "gnu++0x";
				CLANG_CXX_LIBRARY = "libc++";
				CLANG_ENABLE_MODULES = YES;
				CLANG_ENABLE_OBJC_ARC = YES;
				CLANG_WARN_BOOL_CONVERSION = YES;
				CLANG_WARN_CONSTANT_CONVERSION = YES;
				CLANG_WARN_DIRECT_OBJC_ISA_USAGE = YES_ERROR;
				CLANG_WARN_EMPTY_BODY = YES;
				CLANG_WARN_ENUM_CONVERSION = YES;
				CLANG_WARN_INT_CONVERSION = YES;
				CLANG_WARN_OBJC_ROOT_CLASS = YES_ERROR;
				CLANG_WARN_UNREACHABLE_CODE = YES;
				CLANG_WARN__DUPLICATE_METHOD_MATCH = YES;
				"CODE_SIGN_IDENTITY[sdk=iphoneos*]" = "iPhone Developer";
				COPY_PHASE_STRIP = YES;
				ENABLE_NS_ASSERTIONS = NO;
				ENABLE_STRICT_OBJC_MSGSEND = YES;
				GCC_C_LANGUAGE_STANDARD = gnu99;
				GCC_WARN_64_TO_32_BIT_CONVERSION = YES;
				GCC_WARN_ABOUT_RETURN_TYPE = YES_ERROR;
				GCC_WARN_UNDECLARED_SELECTOR = YES;
				GCC_WARN_UNINITIALIZED_AUTOS = YES_AGGRESSIVE;
				GCC_WARN_UNUSED_FUNCTION = YES;
				GCC_WARN_UNUSED_VARIABLE = YES;
				IPHONEOS_DEPLOYMENT_TARGET = 8.1;
				MTL_ENABLE_DEBUG_INFO = NO;
				SDKROOT = iphoneos;
				TARGETED_DEVICE_FAMILY = "1,2";
				VALIDATE_PRODUCT = YES;
			};
			name = Release;
		};
		E0319CE219FFBA8F0066C6FF /* Debug */ = {
			isa = XCBuildConfiguration;
			buildSettings = {
				ASSETCATALOG_COMPILER_APPICON_NAME = AppIcon;
				INFOPLIST_FILE = Postcard/Info.plist;
				LD_RUNPATH_SEARCH_PATHS = "$(inherited) @executable_path/Frameworks";
				PRODUCT_NAME = "$(TARGET_NAME)";
			};
			name = Debug;
		};
		E0319CE319FFBA8F0066C6FF /* Release */ = {
			isa = XCBuildConfiguration;
			buildSettings = {
				ASSETCATALOG_COMPILER_APPICON_NAME = AppIcon;
				INFOPLIST_FILE = Postcard/Info.plist;
				LD_RUNPATH_SEARCH_PATHS = "$(inherited) @executable_path/Frameworks";
				PRODUCT_NAME = "$(TARGET_NAME)";
			};
			name = Release;
		};
		E0319CE519FFBA8F0066C6FF /* Debug */ = {
			isa = XCBuildConfiguration;
			buildSettings = {
				BUNDLE_LOADER = "$(TEST_HOST)";
				FRAMEWORK_SEARCH_PATHS = (
					"$(SDKROOT)/Developer/Library/Frameworks",
					"$(inherited)",
				);
				GCC_PREPROCESSOR_DEFINITIONS = (
					"DEBUG=1",
					"$(inherited)",
				);
				INFOPLIST_FILE = PostcardTests/Info.plist;
				LD_RUNPATH_SEARCH_PATHS = "$(inherited) @executable_path/Frameworks @loader_path/Frameworks";
				PRODUCT_NAME = "$(TARGET_NAME)";
				TEST_HOST = "$(BUILT_PRODUCTS_DIR)/Postcard.app/Postcard";
			};
			name = Debug;
		};
		E0319CE619FFBA8F0066C6FF /* Release */ = {
			isa = XCBuildConfiguration;
			buildSettings = {
				BUNDLE_LOADER = "$(TEST_HOST)";
				FRAMEWORK_SEARCH_PATHS = (
					"$(SDKROOT)/Developer/Library/Frameworks",
					"$(inherited)",
				);
				INFOPLIST_FILE = PostcardTests/Info.plist;
				LD_RUNPATH_SEARCH_PATHS = "$(inherited) @executable_path/Frameworks @loader_path/Frameworks";
				PRODUCT_NAME = "$(TARGET_NAME)";
				TEST_HOST = "$(BUILT_PRODUCTS_DIR)/Postcard.app/Postcard";
			};
			name = Release;
		};
/* End XCBuildConfiguration section */

/* Begin XCConfigurationList section */
		E0319CBD19FFBA8F0066C6FF /* Build configuration list for PBXProject "Postcard" */ = {
			isa = XCConfigurationList;
			buildConfigurations = (
				E0319CDF19FFBA8F0066C6FF /* Debug */,
				E0319CE019FFBA8F0066C6FF /* Release */,
			);
			defaultConfigurationIsVisible = 0;
			defaultConfigurationName = Release;
		};
		E0319CE119FFBA8F0066C6FF /* Build configuration list for PBXNativeTarget "Postcard" */ = {
			isa = XCConfigurationList;
			buildConfigurations = (
				E0319CE219FFBA8F0066C6FF /* Debug */,
				E0319CE319FFBA8F0066C6FF /* Release */,
			);
			defaultConfigurationIsVisible = 0;
		};
		E0319CE419FFBA8F0066C6FF /* Build configuration list for PBXNativeTarget "PostcardTests" */ = {
			isa = XCConfigurationList;
			buildConfigurations = (
				E0319CE519FFBA8F0066C6FF /* Debug */,
				E0319CE619FFBA8F0066C6FF /* Release */,
			);
			defaultConfigurationIsVisible = 0;
		};
/* End XCConfigurationList section */
	};
	rootObject = E0319CBA19FFBA8F0066C6FF /* Project object */;
}
